// !$*UTF8*$!
{
	archiveVersion = 1;
	classes = {
	};
	objectVersion = 56;
	objects = {

/* Begin PBXBuildFile section */
		ABFC51D828E89A4D009899D7 /* AppDelegate.swift in Sources */ = {isa = PBXBuildFile; fileRef = ABFC51D728E89A4D009899D7 /* AppDelegate.swift */; };
		ABFC51DA28E89A4D009899D7 /* SceneDelegate.swift in Sources */ = {isa = PBXBuildFile; fileRef = ABFC51D928E89A4D009899D7 /* SceneDelegate.swift */; };
		ABFC51DC28E89A4D009899D7 /* ViewController.swift in Sources */ = {isa = PBXBuildFile; fileRef = ABFC51DB28E89A4D009899D7 /* ViewController.swift */; };
		ABFC51DF28E89A4D009899D7 /* Main.storyboard in Resources */ = {isa = PBXBuildFile; fileRef = ABFC51DD28E89A4D009899D7 /* Main.storyboard */; };
		ABFC51E128E89A4E009899D7 /* Assets.xcassets in Resources */ = {isa = PBXBuildFile; fileRef = ABFC51E028E89A4E009899D7 /* Assets.xcassets */; };
		ABFC51E428E89A4E009899D7 /* LaunchScreen.storyboard in Resources */ = {isa = PBXBuildFile; fileRef = ABFC51E228E89A4E009899D7 /* LaunchScreen.storyboard */; };
/* End PBXBuildFile section */

/* Begin PBXFileReference section */
		ABFC51D428E89A4D009899D7 /* iOS-Bootcamp-Week2.app */ = {isa = PBXFileReference; explicitFileType = wrapper.application; includeInIndex = 0; path = "iOS-Bootcamp-Week2.app"; sourceTree = BUILT_PRODUCTS_DIR; };
		ABFC51D728E89A4D009899D7 /* AppDelegate.swift */ = {isa = PBXFileReference; lastKnownFileType = sourcecode.swift; path = AppDelegate.swift; sourceTree = "<group>"; };
		ABFC51D928E89A4D009899D7 /* SceneDelegate.swift */ = {isa = PBXFileReference; lastKnownFileType = sourcecode.swift; path = SceneDelegate.swift; sourceTree = "<group>"; };
		ABFC51DB28E89A4D009899D7 /* ViewController.swift */ = {isa = PBXFileReference; lastKnownFileType = sourcecode.swift; path = ViewController.swift; sourceTree = "<group>"; };
		ABFC51DE28E89A4D009899D7 /* Base */ = {isa = PBXFileReference; lastKnownFileType = file.storyboard; name = Base; path = Base.lproj/Main.storyboard; sourceTree = "<group>"; };
		ABFC51E028E89A4E009899D7 /* Assets.xcassets */ = {isa = PBXFileReference; lastKnownFileType = folder.assetcatalog; path = Assets.xcassets; sourceTree = "<group>"; };
		ABFC51E328E89A4E009899D7 /* Base */ = {isa = PBXFileReference; lastKnownFileType = file.storyboard; name = Base; path = Base.lproj/LaunchScreen.storyboard; sourceTree = "<group>"; };
		ABFC51E528E89A4E009899D7 /* Info.plist */ = {isa = PBXFileReference; lastKnownFileType = text.plist.xml; path = Info.plist; sourceTree = "<group>"; };
/* End PBXFileReference section */

/* Begin PBXFrameworksBuildPhase section */
		ABFC51D128E89A4D009899D7 /* Frameworks */ = {
			isa = PBXFrameworksBuildPhase;
			buildActionMask = 2147483647;
			files = (
			);
			runOnlyForDeploymentPostprocessing = 0;
		};
/* End PBXFrameworksBuildPhase section */

/* Begin PBXGroup section */
		ABFC51CB28E89A4D009899D7 = {
			isa = PBXGroup;
			children = (
				ABFC51D628E89A4D009899D7 /* iOS-Bootcamp-Week2 */,
				ABFC51D528E89A4D009899D7 /* Products */,
			);
			sourceTree = "<group>";
		};
		ABFC51D528E89A4D009899D7 /* Products */ = {
			isa = PBXGroup;
			children = (
				ABFC51D428E89A4D009899D7 /* iOS-Bootcamp-Week2.app */,
			);
			name = Products;
			sourceTree = "<group>";
		};
		ABFC51D628E89A4D009899D7 /* iOS-Bootcamp-Week2 */ = {
			isa = PBXGroup;
			children = (
				ABFC51D728E89A4D009899D7 /* AppDelegate.swift */,
				ABFC51D928E89A4D009899D7 /* SceneDelegate.swift */,
				ABFC51EC28E89A7F009899D7 /* View */,
				ABFC51EB28E89A5D009899D7 /* Controller */,
				ABFC51E028E89A4E009899D7 /* Assets.xcassets */,
				ABFC51E228E89A4E009899D7 /* LaunchScreen.storyboard */,
				ABFC51E528E89A4E009899D7 /* Info.plist */,
			);
			path = "iOS-Bootcamp-Week2";
			sourceTree = "<group>";
		};
		ABFC51EB28E89A5D009899D7 /* Controller */ = {
			isa = PBXGroup;
			children = (
				ABFC51DB28E89A4D009899D7 /* ViewController.swift */,
			);
			path = Controller;
			sourceTree = "<group>";
		};
		ABFC51EC28E89A7F009899D7 /* View */ = {
			isa = PBXGroup;
			children = (
				ABFC51DD28E89A4D009899D7 /* Main.storyboard */,
			);
			path = View;
			sourceTree = "<group>";
		};
/* End PBXGroup section */

/* Begin PBXNativeTarget section */
		ABFC51D328E89A4D009899D7 /* iOS-Bootcamp-Week2 */ = {
			isa = PBXNativeTarget;
			buildConfigurationList = ABFC51E828E89A4E009899D7 /* Build configuration list for PBXNativeTarget "iOS-Bootcamp-Week2" */;
			buildPhases = (
				ABFC51D028E89A4D009899D7 /* Sources */,
				ABFC51D128E89A4D009899D7 /* Frameworks */,
				ABFC51D228E89A4D009899D7 /* Resources */,
			);
			buildRules = (
			);
			dependencies = (
			);
			name = "iOS-Bootcamp-Week2";
			productName = "iOS-Bootcamp-Week2";
			productReference = ABFC51D428E89A4D009899D7 /* iOS-Bootcamp-Week2.app */;
			productType = "com.apple.product-type.application";
		};
/* End PBXNativeTarget section */

/* Begin PBXProject section */
		ABFC51CC28E89A4D009899D7 /* Project object */ = {
			isa = PBXProject;
			attributes = {
				BuildIndependentTargetsInParallel = 1;
				LastSwiftUpdateCheck = 1400;
				LastUpgradeCheck = 1400;
				TargetAttributes = {
					ABFC51D328E89A4D009899D7 = {
						CreatedOnToolsVersion = 14.0.1;
					};
				};
			};
			buildConfigurationList = ABFC51CF28E89A4D009899D7 /* Build configuration list for PBXProject "iOS-Bootcamp-Week2" */;
			compatibilityVersion = "Xcode 14.0";
			developmentRegion = en;
			hasScannedForEncodings = 0;
			knownRegions = (
				en,
				Base,
			);
			mainGroup = ABFC51CB28E89A4D009899D7;
			productRefGroup = ABFC51D528E89A4D009899D7 /* Products */;
			projectDirPath = "";
			projectRoot = "";
			targets = (
				ABFC51D328E89A4D009899D7 /* iOS-Bootcamp-Week2 */,
			);
		};
/* End PBXProject section */

/* Begin PBXResourcesBuildPhase section */
		ABFC51D228E89A4D009899D7 /* Resources */ = {
			isa = PBXResourcesBuildPhase;
			buildActionMask = 2147483647;
			files = (
				ABFC51E428E89A4E009899D7 /* LaunchScreen.storyboard in Resources */,
				ABFC51E128E89A4E009899D7 /* Assets.xcassets in Resources */,
				ABFC51DF28E89A4D009899D7 /* Main.storyboard in Resources */,
			);
			runOnlyForDeploymentPostprocessing = 0;
		};
/* End PBXResourcesBuildPhase section */

/* Begin PBXSourcesBuildPhase section */
		ABFC51D028E89A4D009899D7 /* Sources */ = {
			isa = PBXSourcesBuildPhase;
			buildActionMask = 2147483647;
			files = (
				ABFC51DC28E89A4D009899D7 /* ViewController.swift in Sources */,
				ABFC51D828E89A4D009899D7 /* AppDelegate.swift in Sources */,
				ABFC51DA28E89A4D009899D7 /* SceneDelegate.swift in Sources */,
			);
			runOnlyForDeploymentPostprocessing = 0;
		};
/* End PBXSourcesBuildPhase section */

/* Begin PBXVariantGroup section */
		ABFC51DD28E89A4D009899D7 /* Main.storyboard */ = {
			isa = PBXVariantGroup;
			children = (
				ABFC51DE28E89A4D009899D7 /* Base */,
			);
			name = Main.storyboard;
			sourceTree = "<group>";
		};
		ABFC51E228E89A4E009899D7 /* LaunchScreen.storyboard */ = {
			isa = PBXVariantGroup;
			children = (
				ABFC51E328E89A4E009899D7 /* Base */,
			);
			name = LaunchScreen.storyboard;
			sourceTree = "<group>";
		};
/* End PBXVariantGroup section */

/* Begin XCBuildConfiguration section */
		ABFC51E628E89A4E009899D7 /* Debug */ = {
			isa = XCBuildConfiguration;
			buildSettings = {
				ALWAYS_SEARCH_USER_PATHS = NO;
				CLANG_ANALYZER_NONNULL = YES;
				CLANG_ANALYZER_NUMBER_OBJECT_CONVERSION = YES_AGGRESSIVE;
				CLANG_CXX_LANGUAGE_STANDARD = "gnu++20";
				CLANG_ENABLE_MODULES = YES;
				CLANG_ENABLE_OBJC_ARC = YES;
				CLANG_ENABLE_OBJC_WEAK = YES;
				CLANG_WARN_BLOCK_CAPTURE_AUTORELEASING = YES;
				CLANG_WARN_BOOL_CONVERSION = YES;
				CLANG_WARN_COMMA = YES;
				CLANG_WARN_CONSTANT_CONVERSION = YES;
				CLANG_WARN_DEPRECATED_OBJC_IMPLEMENTATIONS = YES;
				CLANG_WARN_DIRECT_OBJC_ISA_USAGE = YES_ERROR;
				CLANG_WARN_DOCUMENTATION_COMMENTS = YES;
				CLANG_WARN_EMPTY_BODY = YES;
				CLANG_WARN_ENUM_CONVERSION = YES;
				CLANG_WARN_INFINITE_RECURSION = YES;
				CLANG_WARN_INT_CONVERSION = YES;
				CLANG_WARN_NON_LITERAL_NULL_CONVERSION = YES;
				CLANG_WARN_OBJC_IMPLICIT_RETAIN_SELF = YES;
				CLANG_WARN_OBJC_LITERAL_CONVERSION = YES;
				CLANG_WARN_OBJC_ROOT_CLASS = YES_ERROR;
				CLANG_WARN_QUOTED_INCLUDE_IN_FRAMEWORK_HEADER = YES;
				CLANG_WARN_RANGE_LOOP_ANALYSIS = YES;
				CLANG_WARN_STRICT_PROTOTYPES = YES;
				CLANG_WARN_SUSPICIOUS_MOVE = YES;
				CLANG_WARN_UNGUARDED_AVAILABILITY = YES_AGGRESSIVE;
				CLANG_WARN_UNREACHABLE_CODE = YES;
				CLANG_WARN__DUPLICATE_METHOD_MATCH = YES;
				COPY_PHASE_STRIP = NO;
				DEBUG_INFORMATION_FORMAT = dwarf;
				ENABLE_STRICT_OBJC_MSGSEND = YES;
				ENABLE_TESTABILITY = YES;
				GCC_C_LANGUAGE_STANDARD = gnu11;
				GCC_DYNAMIC_NO_PIC = NO;
				GCC_NO_COMMON_BLOCKS = YES;
				GCC_OPTIMIZATION_LEVEL = 0;
				GCC_PREPROCESSOR_DEFINITIONS = (
					"DEBUG=1",
					"$(inherited)",
				);
				GCC_WARN_64_TO_32_BIT_CONVERSION = YES;
				GCC_WARN_ABOUT_RETURN_TYPE = YES_ERROR;
				GCC_WARN_UNDECLARED_SELECTOR = YES;
				GCC_WARN_UNINITIALIZED_AUTOS = YES_AGGRESSIVE;
				GCC_WARN_UNUSED_FUNCTION = YES;
				GCC_WARN_UNUSED_VARIABLE = YES;
				IPHONEOS_DEPLOYMENT_TARGET = 16.0;
				MTL_ENABLE_DEBUG_INFO = INCLUDE_SOURCE;
				MTL_FAST_MATH = YES;
				ONLY_ACTIVE_ARCH = YES;
				SDKROOT = iphoneos;
				SWIFT_ACTIVE_COMPILATION_CONDITIONS = DEBUG;
				SWIFT_OPTIMIZATION_LEVEL = "-Onone";
			};
			name = Debug;
		};
		ABFC51E728E89A4E009899D7 /* Release */ = {
			isa = XCBuildConfiguration;
			buildSettings = {
				ALWAYS_SEARCH_USER_PATHS = NO;
				CLANG_ANALYZER_NONNULL = YES;
				CLANG_ANALYZER_NUMBER_OBJECT_CONVERSION = YES_AGGRESSIVE;
				CLANG_CXX_LANGUAGE_STANDARD = "gnu++20";
				CLANG_ENABLE_MODULES = YES;
				CLANG_ENABLE_OBJC_ARC = YES;
				CLANG_ENABLE_OBJC_WEAK = YES;
				CLANG_WARN_BLOCK_CAPTURE_AUTORELEASING = YES;
				CLANG_WARN_BOOL_CONVERSION = YES;
				CLANG_WARN_COMMA = YES;
				CLANG_WARN_CONSTANT_CONVERSION = YES;
				CLANG_WARN_DEPRECATED_OBJC_IMPLEMENTATIONS = YES;
				CLANG_WARN_DIRECT_OBJC_ISA_USAGE = YES_ERROR;
				CLANG_WARN_DOCUMENTATION_COMMENTS = YES;
				CLANG_WARN_EMPTY_BODY = YES;
				CLANG_WARN_ENUM_CONVERSION = YES;
				CLANG_WARN_INFINITE_RECURSION = YES;
				CLANG_WARN_INT_CONVERSION = YES;
				CLANG_WARN_NON_LITERAL_NULL_CONVERSION = YES;
				CLANG_WARN_OBJC_IMPLICIT_RETAIN_SELF = YES;
				CLANG_WARN_OBJC_LITERAL_CONVERSION = YES;
				CLANG_WARN_OBJC_ROOT_CLASS = YES_ERROR;
				CLANG_WARN_QUOTED_INCLUDE_IN_FRAMEWORK_HEADER = YES;
				CLANG_WARN_RANGE_LOOP_ANALYSIS = YES;
				CLANG_WARN_STRICT_PROTOTYPES = YES;
				CLANG_WARN_SUSPICIOUS_MOVE = YES;
				CLANG_WARN_UNGUARDED_AVAILABILITY = YES_AGGRESSIVE;
				CLANG_WARN_UNREACHABLE_CODE = YES;
				CLANG_WARN__DUPLICATE_METHOD_MATCH = YES;
				COPY_PHASE_STRIP = NO;
				DEBUG_INFORMATION_FORMAT = "dwarf-with-dsym";
				ENABLE_NS_ASSERTIONS = NO;
				ENABLE_STRICT_OBJC_MSGSEND = YES;
				GCC_C_LANGUAGE_STANDARD = gnu11;
				GCC_NO_COMMON_BLOCKS = YES;
				GCC_WARN_64_TO_32_BIT_CONVERSION = YES;
				GCC_WARN_ABOUT_RETURN_TYPE = YES_ERROR;
				GCC_WARN_UNDECLARED_SELECTOR = YES;
				GCC_WARN_UNINITIALIZED_AUTOS = YES_AGGRESSIVE;
				GCC_WARN_UNUSED_FUNCTION = YES;
				GCC_WARN_UNUSED_VARIABLE = YES;
				IPHONEOS_DEPLOYMENT_TARGET = 16.0;
				MTL_ENABLE_DEBUG_INFO = NO;
				MTL_FAST_MATH = YES;
				SDKROOT = iphoneos;
				SWIFT_COMPILATION_MODE = wholemodule;
				SWIFT_OPTIMIZATION_LEVEL = "-O";
				VALIDATE_PRODUCT = YES;
			};
			name = Release;
		};
		ABFC51E928E89A4E009899D7 /* Debug */ = {
			isa = XCBuildConfiguration;
			buildSettings = {
				ASSETCATALOG_COMPILER_APPICON_NAME = AppIcon;
				ASSETCATALOG_COMPILER_GLOBAL_ACCENT_COLOR_NAME = AccentColor;
				CODE_SIGN_STYLE = Automatic;
				CURRENT_PROJECT_VERSION = 1;
				DEVELOPMENT_TEAM = 5DKBCS58WX;
				GENERATE_INFOPLIST_FILE = YES;
				INFOPLIST_FILE = "iOS-Bootcamp-Week2/Info.plist";
				INFOPLIST_KEY_UIApplicationSupportsIndirectInputEvents = YES;
				INFOPLIST_KEY_UILaunchStoryboardName = LaunchScreen;
				INFOPLIST_KEY_UIMainStoryboardFile = Main;
				INFOPLIST_KEY_UISupportedInterfaceOrientations_iPad = "UIInterfaceOrientationPortrait UIInterfaceOrientationPortraitUpsideDown UIInterfaceOrientationLandscapeLeft UIInterfaceOrientationLandscapeRight";
				INFOPLIST_KEY_UISupportedInterfaceOrientations_iPhone = "UIInterfaceOrientationPortrait UIInterfaceOrientationLandscapeLeft UIInterfaceOrientationLandscapeRight";
				LD_RUNPATH_SEARCH_PATHS = (
					"$(inherited)",
					"@executable_path/Frameworks",
				);
				MARKETING_VERSION = 1.0;
				PRODUCT_BUNDLE_IDENTIFIER = "com.asimcanyagiz.iOS-Bootcamp-Week2";
				PRODUCT_NAME = "$(TARGET_NAME)";
				SWIFT_EMIT_LOC_STRINGS = YES;
				SWIFT_VERSION = 5.0;
				TARGETED_DEVICE_FAMILY = "1,2";
			};
			name = Debug;
		};
		ABFC51EA28E89A4E009899D7 /* Release */ = {
			isa = XCBuildConfiguration;
			buildSettings = {
				ASSETCATALOG_COMPILER_APPICON_NAME = AppIcon;
				ASSETCATALOG_COMPILER_GLOBAL_ACCENT_COLOR_NAME = AccentColor;
				CODE_SIGN_STYLE = Automatic;
				CURRENT_PROJECT_VERSION = 1;
				DEVELOPMENT_TEAM = 5DKBCS58WX;
				GENERATE_INFOPLIST_FILE = YES;
				INFOPLIST_FILE = "iOS-Bootcamp-Week2/Info.plist";
				INFOPLIST_KEY_UIApplicationSupportsIndirectInputEvents = YES;
				INFOPLIST_KEY_UILaunchStoryboardName = LaunchScreen;
				INFOPLIST_KEY_UIMainStoryboardFile = Main;
				INFOPLIST_KEY_UISupportedInterfaceOrientations_iPad = "UIInterfaceOrientationPortrait UIInterfaceOrientationPortraitUpsideDown UIInterfaceOrientationLandscapeLeft UIInterfaceOrientationLandscapeRight";
				INFOPLIST_KEY_UISupportedInterfaceOrientations_iPhone = "UIInterfaceOrientationPortrait UIInterfaceOrientationLandscapeLeft UIInterfaceOrientationLandscapeRight";
				LD_RUNPATH_SEARCH_PATHS = (
					"$(inherited)",
					"@executable_path/Frameworks",
				);
				MARKETING_VERSION = 1.0;
				PRODUCT_BUNDLE_IDENTIFIER = "com.asimcanyagiz.iOS-Bootcamp-Week2";
				PRODUCT_NAME = "$(TARGET_NAME)";
				SWIFT_EMIT_LOC_STRINGS = YES;
				SWIFT_VERSION = 5.0;
				TARGETED_DEVICE_FAMILY = "1,2";
			};
			name = Release;
		};
/* End XCBuildConfiguration section */

/* Begin XCConfigurationList section */
		ABFC51CF28E89A4D009899D7 /* Build configuration list for PBXProject "iOS-Bootcamp-Week2" */ = {
			isa = XCConfigurationList;
			buildConfigurations = (
				ABFC51E628E89A4E009899D7 /* Debug */,
				ABFC51E728E89A4E009899D7 /* Release */,
			);
			defaultConfigurationIsVisible = 0;
			defaultConfigurationName = Release;
		};
		ABFC51E828E89A4E009899D7 /* Build configuration list for PBXNativeTarget "iOS-Bootcamp-Week2" */ = {
			isa = XCConfigurationList;
			buildConfigurations = (
				ABFC51E928E89A4E009899D7 /* Debug */,
				ABFC51EA28E89A4E009899D7 /* Release */,
			);
			defaultConfigurationIsVisible = 0;
			defaultConfigurationName = Release;
		};
/* End XCConfigurationList section */
	};
	rootObject = ABFC51CC28E89A4D009899D7 /* Project object */;
}
